
Microsoft Visual Studio Solution File, Format Version 12.00
# Visual Studio Version 17
VisualStudioVersion = 17.5.33516.290
MinimumVisualStudioVersion = 10.0.40219.1
Project("{FAE04EC0-301F-11D3-BF4B-00C04F79EFBC}") = "Quadrato  (24.1)", "Quadrato  (24.1)\Quadrato  (24.1).csproj", "{F3F35365-0F3D-4F38-BA5F-7F57A5BB3142}"
EndProject
Global
	GlobalSection(SolutionConfigurationPlatforms) = preSolution
		Debug|Any CPU = Debug|Any CPU
		Release|Any CPU = Release|Any CPU
	EndGlobalSection
	GlobalSection(ProjectConfigurationPlatforms) = postSolution
		{F3F35365-0F3D-4F38-BA5F-7F57A5BB3142}.Debug|Any CPU.ActiveCfg = Debug|Any CPU
		{F3F35365-0F3D-4F38-BA5F-7F57A5BB3142}.Debug|Any CPU.Build.0 = Debug|Any CPU
		{F3F35365-0F3D-4F38-BA5F-7F57A5BB3142}.Release|Any CPU.ActiveCfg = Release|Any CPU
		{F3F35365-0F3D-4F38-BA5F-7F57A5BB3142}.Release|Any CPU.Build.0 = Release|Any CPU
	EndGlobalSection
	GlobalSection(SolutionProperties) = preSolution
		HideSolutionNode = FALSE
	EndGlobalSection
	GlobalSection(ExtensibilityGlobals) = postSolution
		SolutionGuid = {19DD2E27-8672-4F85-AE5C-2D79525AEC60}
	EndGlobalSection
EndGlobal
